
Microsoft Visual Studio Solution File, Format Version 12.00
# Visual Studio Version 16
VisualStudioVersion = 16.0.29709.97
MinimumVisualStudioVersion = 10.0.40219.1
Project("{FAE04EC0-301F-11D3-BF4B-00C04F79EFBC}") = "WebApplication_NetCore", "WebApplication_NetCore\WebApplication_NetCore.csproj", "{4DBF8872-5A1B-4C11-BAEC-D46AB07B90B5}"
EndProject
Global
	GlobalSection(SolutionConfigurationPlatforms) = preSolution
		Debug|Any CPU = Debug|Any CPU
		Release|Any CPU = Release|Any CPU
	EndGlobalSection
	GlobalSection(ProjectConfigurationPlatforms) = postSolution
		{4DBF8872-5A1B-4C11-BAEC-D46AB07B90B5}.Debug|Any CPU.ActiveCfg = Debug|Any CPU
		{4DBF8872-5A1B-4C11-BAEC-D46AB07B90B5}.Debug|Any CPU.Build.0 = Debug|Any CPU
		{4DBF8872-5A1B-4C11-BAEC-D46AB07B90B5}.Release|Any CPU.ActiveCfg = Release|Any CPU
		{4DBF8872-5A1B-4C11-BAEC-D46AB07B90B5}.Release|Any CPU.Build.0 = Release|Any CPU
	EndGlobalSection
	GlobalSection(SolutionProperties) = preSolution
		HideSolutionNode = FALSE
	EndGlobalSection
	GlobalSection(ExtensibilityGlobals) = postSolution
		SolutionGuid = {D98A6A0B-A2F3-4518-A836-642011499FD0}
	EndGlobalSection
EndGlobal
